// !$*UTF8*$!
{
	archiveVersion = 1;
	classes = {
	};
	objectVersion = 55;
	objects = {

/* Begin PBXBuildFile section */
		640FCDC327A67184004AC780 /* PopUpWindowView.swift in Sources */ = {isa = PBXBuildFile; fileRef = 640FCDC227A67183004AC780 /* PopUpWindowView.swift */; };
		640FCDC527AB8B01004AC780 /* MyInfoViewModel.swift in Sources */ = {isa = PBXBuildFile; fileRef = 640FCDC427AB8B01004AC780 /* MyInfoViewModel.swift */; };
		640FCDC927ABC0E7004AC780 /* SesacFriendViewController.swift in Sources */ = {isa = PBXBuildFile; fileRef = 640FCDC827ABC0E7004AC780 /* SesacFriendViewController.swift */; };
		642F156127AF9135007E04A6 /* HobbyViewController.swift in Sources */ = {isa = PBXBuildFile; fileRef = 642F156027AF9135007E04A6 /* HobbyViewController.swift */; };
		642F156327AFAA0D007E04A6 /* HobbyTableViewCell.swift in Sources */ = {isa = PBXBuildFile; fileRef = 642F156227AFAA0D007E04A6 /* HobbyTableViewCell.swift */; };
		643B642027AFB0AD00013A19 /* HobbyCollectionViewCell.swift in Sources */ = {isa = PBXBuildFile; fileRef = 643B641F27AFB0AD00013A19 /* HobbyCollectionViewCell.swift */; };
		643B642227AFB1B000013A19 /* HobbyDynamicHeightCollectionView.swift in Sources */ = {isa = PBXBuildFile; fileRef = 643B642127AFB1B000013A19 /* HobbyDynamicHeightCollectionView.swift */; };
		643B642427AFB47B00013A19 /* HobbyCollectionViewFlowLayout.swift in Sources */ = {isa = PBXBuildFile; fileRef = 643B642327AFB47B00013A19 /* HobbyCollectionViewFlowLayout.swift */; };
		644AADFC279E8AFC00EEB85B /* APIStatus.swift in Sources */ = {isa = PBXBuildFile; fileRef = 644AADFB279E8AFC00EEB85B /* APIStatus.swift */; };
		644AADFF279E8CA800EEB85B /* SignUpViewModel.swift in Sources */ = {isa = PBXBuildFile; fileRef = 644AADFE279E8CA800EEB85B /* SignUpViewModel.swift */; };
		644AAE02279ED9A700EEB85B /* OnboardingViewController.swift in Sources */ = {isa = PBXBuildFile; fileRef = 644AAE01279ED9A700EEB85B /* OnboardingViewController.swift */; };
		644AAE04279EE8AB00EEB85B /* OnboardingFirstViewController.swift in Sources */ = {isa = PBXBuildFile; fileRef = 644AAE03279EE8AB00EEB85B /* OnboardingFirstViewController.swift */; };
		644AAE06279EEC7A00EEB85B /* OnboardingSecondViewController.swift in Sources */ = {isa = PBXBuildFile; fileRef = 644AAE05279EEC7A00EEB85B /* OnboardingSecondViewController.swift */; };
		644AAE08279F9D1E00EEB85B /* OnboardingThirdViewController.swift in Sources */ = {isa = PBXBuildFile; fileRef = 644AAE07279F9D1E00EEB85B /* OnboardingThirdViewController.swift */; };
		644AAE0A279FE16600EEB85B /* MyInfoViewController.swift in Sources */ = {isa = PBXBuildFile; fileRef = 644AAE09279FE16600EEB85B /* MyInfoViewController.swift */; };
		644AAE0C27A0005500EEB85B /* MyInfoCollectionViewCell.swift in Sources */ = {isa = PBXBuildFile; fileRef = 644AAE0B27A0005500EEB85B /* MyInfoCollectionViewCell.swift */; };
		645335CF27AD0F06004C77DA /* QueueNetwork.swift in Sources */ = {isa = PBXBuildFile; fileRef = 645335CE27AD0F06004C77DA /* QueueNetwork.swift */; };
		645335D127AD19BB004C77DA /* Queue.swift in Sources */ = {isa = PBXBuildFile; fileRef = 645335D027AD19BB004C77DA /* Queue.swift */; };
		645335D327AD5512004C77DA /* HomeViewModel.swift in Sources */ = {isa = PBXBuildFile; fileRef = 645335D227AD5512004C77DA /* HomeViewModel.swift */; };
		645EA78C2797C27000DD1CE8 /* String+extension.swift in Sources */ = {isa = PBXBuildFile; fileRef = 645EA78B2797C27000DD1CE8 /* String+extension.swift */; };
		645EA78E2797D68900DD1CE8 /* LoginPhoneVerifyViewController.swift in Sources */ = {isa = PBXBuildFile; fileRef = 645EA78D2797D68900DD1CE8 /* LoginPhoneVerifyViewController.swift */; };
		645EA7932799303600DD1CE8 /* User.swift in Sources */ = {isa = PBXBuildFile; fileRef = 645EA7922799303600DD1CE8 /* User.swift */; };
		645EA7952799353700DD1CE8 /* UserNetwork.swift in Sources */ = {isa = PBXBuildFile; fileRef = 645EA7942799353700DD1CE8 /* UserNetwork.swift */; };
		645EA799279958F700DD1CE8 /* LoginPhoneViewModel.swift in Sources */ = {isa = PBXBuildFile; fileRef = 645EA798279958F700DD1CE8 /* LoginPhoneViewModel.swift */; };
		645EA79D27998EDB00DD1CE8 /* GoogleService-Info.plist in Resources */ = {isa = PBXBuildFile; fileRef = 645EA79C27998EDB00DD1CE8 /* GoogleService-Info.plist */; };
		645EA79F279A817D00DD1CE8 /* SignUpNickNameViewController.swift in Sources */ = {isa = PBXBuildFile; fileRef = 645EA79E279A817D00DD1CE8 /* SignUpNickNameViewController.swift */; };
		645EA7A1279A870600DD1CE8 /* UIFont+extension.swift in Sources */ = {isa = PBXBuildFile; fileRef = 645EA7A0279A870600DD1CE8 /* UIFont+extension.swift */; };
		645EA7A3279A9E6E00DD1CE8 /* SignUpBirthViewController.swift in Sources */ = {isa = PBXBuildFile; fileRef = 645EA7A2279A9E6E00DD1CE8 /* SignUpBirthViewController.swift */; };
		645EA7A5279D28DF00DD1CE8 /* SignUpEmailViewController.swift in Sources */ = {isa = PBXBuildFile; fileRef = 645EA7A4279D28DF00DD1CE8 /* SignUpEmailViewController.swift */; };
		645EA7A7279D42BD00DD1CE8 /* SignUpGenderViewController.swift in Sources */ = {isa = PBXBuildFile; fileRef = 645EA7A6279D42BD00DD1CE8 /* SignUpGenderViewController.swift */; };
		645EA7AA279D474400DD1CE8 /* man.png in Resources */ = {isa = PBXBuildFile; fileRef = 645EA7A8279D474400DD1CE8 /* man.png */; };
		645EA7AB279D474400DD1CE8 /* woman.png in Resources */ = {isa = PBXBuildFile; fileRef = 645EA7A9279D474400DD1CE8 /* woman.png */; };
		645EA7AE279D63CF00DD1CE8 /* UIButton+extension.swift in Sources */ = {isa = PBXBuildFile; fileRef = 645EA7AD279D63CF00DD1CE8 /* UIButton+extension.swift */; };
		6461E888279E481300F252E8 /* UserManager.swift in Sources */ = {isa = PBXBuildFile; fileRef = 6461E887279E481300F252E8 /* UserManager.swift */; };
		646F231527A03DCF00DFDA68 /* MyInfoCollectionHeaderView.swift in Sources */ = {isa = PBXBuildFile; fileRef = 646F231427A03DCF00DFDA68 /* MyInfoCollectionHeaderView.swift */; };
		646F231727A11AF800DFDA68 /* HomeViewController.swift in Sources */ = {isa = PBXBuildFile; fileRef = 646F231627A11AF800DFDA68 /* HomeViewController.swift */; };
		646F231B27A13BBC00DFDA68 /* MyInfoDetailViewController.swift in Sources */ = {isa = PBXBuildFile; fileRef = 646F231A27A13BBC00DFDA68 /* MyInfoDetailViewController.swift */; };
		646F231D27A1661900DFDA68 /* ProfileView.swift in Sources */ = {isa = PBXBuildFile; fileRef = 646F231C27A1661900DFDA68 /* ProfileView.swift */; };
		6495F9362795197F00A9F6E0 /* AppDelegate.swift in Sources */ = {isa = PBXBuildFile; fileRef = 6495F9352795197F00A9F6E0 /* AppDelegate.swift */; };
		6495F9382795197F00A9F6E0 /* SceneDelegate.swift in Sources */ = {isa = PBXBuildFile; fileRef = 6495F9372795197F00A9F6E0 /* SceneDelegate.swift */; };
		6495F93F2795198300A9F6E0 /* Assets.xcassets in Resources */ = {isa = PBXBuildFile; fileRef = 6495F93E2795198300A9F6E0 /* Assets.xcassets */; };
		6495F9422795198300A9F6E0 /* LaunchScreen.storyboard in Resources */ = {isa = PBXBuildFile; fileRef = 6495F9402795198300A9F6E0 /* LaunchScreen.storyboard */; };
		6495F94A27951AD600A9F6E0 /* TabBarController.swift in Sources */ = {isa = PBXBuildFile; fileRef = 6495F94927951AD600A9F6E0 /* TabBarController.swift */; };
		6495F94C27951C1400A9F6E0 /* LoginPhoneViewController.swift in Sources */ = {isa = PBXBuildFile; fileRef = 6495F94B27951C1400A9F6E0 /* LoginPhoneViewController.swift */; };
		6495F94F279530E700A9F6E0 /* SnapKit in Frameworks */ = {isa = PBXBuildFile; productRef = 6495F94E279530E700A9F6E0 /* SnapKit */; };
		6495F95A279681DF00A9F6E0 /* UIColor+extension.swift in Sources */ = {isa = PBXBuildFile; fileRef = 6495F959279681DE00A9F6E0 /* UIColor+extension.swift */; };
		64A2EC9127968EFE00192FF2 /* UITextField+extension.swift in Sources */ = {isa = PBXBuildFile; fileRef = 64A2EC9027968EFE00192FF2 /* UITextField+extension.swift */; };
		64A2EC9A2796984200192FF2 /* NotoSansKR-Bold.otf in Resources */ = {isa = PBXBuildFile; fileRef = 64A2EC932796984000192FF2 /* NotoSansKR-Bold.otf */; };
		64A2EC9B2796984200192FF2 /* NotoSansKR-Light.otf in Resources */ = {isa = PBXBuildFile; fileRef = 64A2EC942796984000192FF2 /* NotoSansKR-Light.otf */; };
		64A2EC9C2796984200192FF2 /* NotoSansKR-Medium.otf in Resources */ = {isa = PBXBuildFile; fileRef = 64A2EC952796984100192FF2 /* NotoSansKR-Medium.otf */; };
		64A2EC9D2796984200192FF2 /* NotoSansKR-Thin.otf in Resources */ = {isa = PBXBuildFile; fileRef = 64A2EC962796984100192FF2 /* NotoSansKR-Thin.otf */; };
		64A2EC9E2796984200192FF2 /* OFL.txt in Resources */ = {isa = PBXBuildFile; fileRef = 64A2EC972796984100192FF2 /* OFL.txt */; };
		64A2EC9F2796984200192FF2 /* NotoSansKR-Black.otf in Resources */ = {isa = PBXBuildFile; fileRef = 64A2EC982796984200192FF2 /* NotoSansKR-Black.otf */; };
		64A2ECA02796984200192FF2 /* NotoSansKR-Regular.otf in Resources */ = {isa = PBXBuildFile; fileRef = 64A2EC992796984200192FF2 /* NotoSansKR-Regular.otf */; };
		64A2ECA227969B0F00192FF2 /* UILabel+extension.swift in Sources */ = {isa = PBXBuildFile; fileRef = 64A2ECA127969B0F00192FF2 /* UILabel+extension.swift */; };
		E5F8331822B42F4337B0C44A /* Pods_SeSACFriends.framework in Frameworks */ = {isa = PBXBuildFile; fileRef = 55BFDB73B7F7CECD6612D105 /* Pods_SeSACFriends.framework */; };
/* End PBXBuildFile section */

/* Begin PBXFileReference section */
		55BFDB73B7F7CECD6612D105 /* Pods_SeSACFriends.framework */ = {isa = PBXFileReference; explicitFileType = wrapper.framework; includeInIndex = 0; path = Pods_SeSACFriends.framework; sourceTree = BUILT_PRODUCTS_DIR; };
		640FCDC227A67183004AC780 /* PopUpWindowView.swift */ = {isa = PBXFileReference; lastKnownFileType = sourcecode.swift; path = PopUpWindowView.swift; sourceTree = "<group>"; };
		640FCDC427AB8B01004AC780 /* MyInfoViewModel.swift */ = {isa = PBXFileReference; lastKnownFileType = sourcecode.swift; path = MyInfoViewModel.swift; sourceTree = "<group>"; };
		640FCDC827ABC0E7004AC780 /* SesacFriendViewController.swift */ = {isa = PBXFileReference; lastKnownFileType = sourcecode.swift; path = SesacFriendViewController.swift; sourceTree = "<group>"; };
		642F156027AF9135007E04A6 /* HobbyViewController.swift */ = {isa = PBXFileReference; lastKnownFileType = sourcecode.swift; path = HobbyViewController.swift; sourceTree = "<group>"; };
		642F156227AFAA0D007E04A6 /* HobbyTableViewCell.swift */ = {isa = PBXFileReference; lastKnownFileType = sourcecode.swift; path = HobbyTableViewCell.swift; sourceTree = "<group>"; };
		643B641F27AFB0AD00013A19 /* HobbyCollectionViewCell.swift */ = {isa = PBXFileReference; lastKnownFileType = sourcecode.swift; path = HobbyCollectionViewCell.swift; sourceTree = "<group>"; };
		643B642127AFB1B000013A19 /* HobbyDynamicHeightCollectionView.swift */ = {isa = PBXFileReference; lastKnownFileType = sourcecode.swift; path = HobbyDynamicHeightCollectionView.swift; sourceTree = "<group>"; };
		643B642327AFB47B00013A19 /* HobbyCollectionViewFlowLayout.swift */ = {isa = PBXFileReference; lastKnownFileType = sourcecode.swift; path = HobbyCollectionViewFlowLayout.swift; sourceTree = "<group>"; };
		644AADFB279E8AFC00EEB85B /* APIStatus.swift */ = {isa = PBXFileReference; lastKnownFileType = sourcecode.swift; path = APIStatus.swift; sourceTree = "<group>"; };
		644AADFE279E8CA800EEB85B /* SignUpViewModel.swift */ = {isa = PBXFileReference; lastKnownFileType = sourcecode.swift; path = SignUpViewModel.swift; sourceTree = "<group>"; };
		644AAE01279ED9A700EEB85B /* OnboardingViewController.swift */ = {isa = PBXFileReference; lastKnownFileType = sourcecode.swift; path = OnboardingViewController.swift; sourceTree = "<group>"; };
		644AAE03279EE8AB00EEB85B /* OnboardingFirstViewController.swift */ = {isa = PBXFileReference; lastKnownFileType = sourcecode.swift; path = OnboardingFirstViewController.swift; sourceTree = "<group>"; };
		644AAE05279EEC7A00EEB85B /* OnboardingSecondViewController.swift */ = {isa = PBXFileReference; lastKnownFileType = sourcecode.swift; path = OnboardingSecondViewController.swift; sourceTree = "<group>"; };
		644AAE07279F9D1E00EEB85B /* OnboardingThirdViewController.swift */ = {isa = PBXFileReference; lastKnownFileType = sourcecode.swift; path = OnboardingThirdViewController.swift; sourceTree = "<group>"; };
		644AAE09279FE16600EEB85B /* MyInfoViewController.swift */ = {isa = PBXFileReference; lastKnownFileType = sourcecode.swift; path = MyInfoViewController.swift; sourceTree = "<group>"; };
		644AAE0B27A0005500EEB85B /* MyInfoCollectionViewCell.swift */ = {isa = PBXFileReference; lastKnownFileType = sourcecode.swift; path = MyInfoCollectionViewCell.swift; sourceTree = "<group>"; };
		645335CE27AD0F06004C77DA /* QueueNetwork.swift */ = {isa = PBXFileReference; lastKnownFileType = sourcecode.swift; path = QueueNetwork.swift; sourceTree = "<group>"; };
		645335D027AD19BB004C77DA /* Queue.swift */ = {isa = PBXFileReference; lastKnownFileType = sourcecode.swift; path = Queue.swift; sourceTree = "<group>"; };
		645335D227AD5512004C77DA /* HomeViewModel.swift */ = {isa = PBXFileReference; lastKnownFileType = sourcecode.swift; path = HomeViewModel.swift; sourceTree = "<group>"; };
		645EA78B2797C27000DD1CE8 /* String+extension.swift */ = {isa = PBXFileReference; lastKnownFileType = sourcecode.swift; path = "String+extension.swift"; sourceTree = "<group>"; };
		645EA78D2797D68900DD1CE8 /* LoginPhoneVerifyViewController.swift */ = {isa = PBXFileReference; lastKnownFileType = sourcecode.swift; path = LoginPhoneVerifyViewController.swift; sourceTree = "<group>"; };
		645EA7922799303600DD1CE8 /* User.swift */ = {isa = PBXFileReference; lastKnownFileType = sourcecode.swift; path = User.swift; sourceTree = "<group>"; };
		645EA7942799353700DD1CE8 /* UserNetwork.swift */ = {isa = PBXFileReference; lastKnownFileType = sourcecode.swift; path = UserNetwork.swift; sourceTree = "<group>"; };
		645EA798279958F700DD1CE8 /* LoginPhoneViewModel.swift */ = {isa = PBXFileReference; lastKnownFileType = sourcecode.swift; path = LoginPhoneViewModel.swift; sourceTree = "<group>"; };
		645EA79C27998EDB00DD1CE8 /* GoogleService-Info.plist */ = {isa = PBXFileReference; fileEncoding = 4; lastKnownFileType = text.plist.xml; path = "GoogleService-Info.plist"; sourceTree = "<group>"; };
		645EA79E279A817D00DD1CE8 /* SignUpNickNameViewController.swift */ = {isa = PBXFileReference; lastKnownFileType = sourcecode.swift; path = SignUpNickNameViewController.swift; sourceTree = "<group>"; };
		645EA7A0279A870600DD1CE8 /* UIFont+extension.swift */ = {isa = PBXFileReference; lastKnownFileType = sourcecode.swift; path = "UIFont+extension.swift"; sourceTree = "<group>"; };
		645EA7A2279A9E6E00DD1CE8 /* SignUpBirthViewController.swift */ = {isa = PBXFileReference; lastKnownFileType = sourcecode.swift; path = SignUpBirthViewController.swift; sourceTree = "<group>"; };
		645EA7A4279D28DF00DD1CE8 /* SignUpEmailViewController.swift */ = {isa = PBXFileReference; lastKnownFileType = sourcecode.swift; path = SignUpEmailViewController.swift; sourceTree = "<group>"; };
		645EA7A6279D42BD00DD1CE8 /* SignUpGenderViewController.swift */ = {isa = PBXFileReference; lastKnownFileType = sourcecode.swift; path = SignUpGenderViewController.swift; sourceTree = "<group>"; };
		645EA7A8279D474400DD1CE8 /* man.png */ = {isa = PBXFileReference; lastKnownFileType = image.png; path = man.png; sourceTree = "<group>"; };
		645EA7A9279D474400DD1CE8 /* woman.png */ = {isa = PBXFileReference; lastKnownFileType = image.png; path = woman.png; sourceTree = "<group>"; };
		645EA7AD279D63CF00DD1CE8 /* UIButton+extension.swift */ = {isa = PBXFileReference; lastKnownFileType = sourcecode.swift; path = "UIButton+extension.swift"; sourceTree = "<group>"; };
		6461E887279E481300F252E8 /* UserManager.swift */ = {isa = PBXFileReference; lastKnownFileType = sourcecode.swift; path = UserManager.swift; sourceTree = "<group>"; };
		646F231427A03DCF00DFDA68 /* MyInfoCollectionHeaderView.swift */ = {isa = PBXFileReference; lastKnownFileType = sourcecode.swift; path = MyInfoCollectionHeaderView.swift; sourceTree = "<group>"; };
		646F231627A11AF800DFDA68 /* HomeViewController.swift */ = {isa = PBXFileReference; lastKnownFileType = sourcecode.swift; path = HomeViewController.swift; sourceTree = "<group>"; };
		646F231A27A13BBC00DFDA68 /* MyInfoDetailViewController.swift */ = {isa = PBXFileReference; lastKnownFileType = sourcecode.swift; path = MyInfoDetailViewController.swift; sourceTree = "<group>"; };
		646F231C27A1661900DFDA68 /* ProfileView.swift */ = {isa = PBXFileReference; lastKnownFileType = sourcecode.swift; path = ProfileView.swift; sourceTree = "<group>"; };
		6495F9322795197F00A9F6E0 /* SeSACFriends.app */ = {isa = PBXFileReference; explicitFileType = wrapper.application; includeInIndex = 0; path = SeSACFriends.app; sourceTree = BUILT_PRODUCTS_DIR; };
		6495F9352795197F00A9F6E0 /* AppDelegate.swift */ = {isa = PBXFileReference; lastKnownFileType = sourcecode.swift; path = AppDelegate.swift; sourceTree = "<group>"; };
		6495F9372795197F00A9F6E0 /* SceneDelegate.swift */ = {isa = PBXFileReference; lastKnownFileType = sourcecode.swift; path = SceneDelegate.swift; sourceTree = "<group>"; };
		6495F93E2795198300A9F6E0 /* Assets.xcassets */ = {isa = PBXFileReference; lastKnownFileType = folder.assetcatalog; path = Assets.xcassets; sourceTree = "<group>"; };
		6495F9412795198300A9F6E0 /* Base */ = {isa = PBXFileReference; lastKnownFileType = file.storyboard; name = Base; path = Base.lproj/LaunchScreen.storyboard; sourceTree = "<group>"; };
		6495F9432795198300A9F6E0 /* Info.plist */ = {isa = PBXFileReference; lastKnownFileType = text.plist.xml; path = Info.plist; sourceTree = "<group>"; };
		6495F94927951AD600A9F6E0 /* TabBarController.swift */ = {isa = PBXFileReference; lastKnownFileType = sourcecode.swift; path = TabBarController.swift; sourceTree = "<group>"; };
		6495F94B27951C1400A9F6E0 /* LoginPhoneViewController.swift */ = {isa = PBXFileReference; lastKnownFileType = sourcecode.swift; path = LoginPhoneViewController.swift; sourceTree = "<group>"; };
		6495F95627953A6A00A9F6E0 /* SeSACFriends.entitlements */ = {isa = PBXFileReference; lastKnownFileType = text.plist.entitlements; path = SeSACFriends.entitlements; sourceTree = "<group>"; };
		6495F959279681DE00A9F6E0 /* UIColor+extension.swift */ = {isa = PBXFileReference; lastKnownFileType = sourcecode.swift; path = "UIColor+extension.swift"; sourceTree = "<group>"; };
		64A2EC9027968EFE00192FF2 /* UITextField+extension.swift */ = {isa = PBXFileReference; lastKnownFileType = sourcecode.swift; path = "UITextField+extension.swift"; sourceTree = "<group>"; };
		64A2EC932796984000192FF2 /* NotoSansKR-Bold.otf */ = {isa = PBXFileReference; lastKnownFileType = file; path = "NotoSansKR-Bold.otf"; sourceTree = "<group>"; };
		64A2EC942796984000192FF2 /* NotoSansKR-Light.otf */ = {isa = PBXFileReference; lastKnownFileType = file; path = "NotoSansKR-Light.otf"; sourceTree = "<group>"; };
		64A2EC952796984100192FF2 /* NotoSansKR-Medium.otf */ = {isa = PBXFileReference; lastKnownFileType = file; path = "NotoSansKR-Medium.otf"; sourceTree = "<group>"; };
		64A2EC962796984100192FF2 /* NotoSansKR-Thin.otf */ = {isa = PBXFileReference; lastKnownFileType = file; path = "NotoSansKR-Thin.otf"; sourceTree = "<group>"; };
		64A2EC972796984100192FF2 /* OFL.txt */ = {isa = PBXFileReference; fileEncoding = 4; lastKnownFileType = text; path = OFL.txt; sourceTree = "<group>"; };
		64A2EC982796984200192FF2 /* NotoSansKR-Black.otf */ = {isa = PBXFileReference; lastKnownFileType = file; path = "NotoSansKR-Black.otf"; sourceTree = "<group>"; };
		64A2EC992796984200192FF2 /* NotoSansKR-Regular.otf */ = {isa = PBXFileReference; lastKnownFileType = file; path = "NotoSansKR-Regular.otf"; sourceTree = "<group>"; };
		64A2ECA127969B0F00192FF2 /* UILabel+extension.swift */ = {isa = PBXFileReference; lastKnownFileType = sourcecode.swift; path = "UILabel+extension.swift"; sourceTree = "<group>"; };
		88FD927B2E068B31792DD343 /* Pods-SeSACFriends.debug.xcconfig */ = {isa = PBXFileReference; includeInIndex = 1; lastKnownFileType = text.xcconfig; name = "Pods-SeSACFriends.debug.xcconfig"; path = "Target Support Files/Pods-SeSACFriends/Pods-SeSACFriends.debug.xcconfig"; sourceTree = "<group>"; };
		E518C944A411F1D27A195E87 /* Pods-SeSACFriends.release.xcconfig */ = {isa = PBXFileReference; includeInIndex = 1; lastKnownFileType = text.xcconfig; name = "Pods-SeSACFriends.release.xcconfig"; path = "Target Support Files/Pods-SeSACFriends/Pods-SeSACFriends.release.xcconfig"; sourceTree = "<group>"; };
/* End PBXFileReference section */

/* Begin PBXFrameworksBuildPhase section */
		6495F92F2795197F00A9F6E0 /* Frameworks */ = {
			isa = PBXFrameworksBuildPhase;
			buildActionMask = 2147483647;
			files = (
				6495F94F279530E700A9F6E0 /* SnapKit in Frameworks */,
				E5F8331822B42F4337B0C44A /* Pods_SeSACFriends.framework in Frameworks */,
			);
			runOnlyForDeploymentPostprocessing = 0;
		};
/* End PBXFrameworksBuildPhase section */

/* Begin PBXGroup section */
		642F155F27AF908F007E04A6 /* Home */ = {
			isa = PBXGroup;
			children = (
				646F231627A11AF800DFDA68 /* HomeViewController.swift */,
				645335D227AD5512004C77DA /* HomeViewModel.swift */,
			);
			path = Home;
			sourceTree = "<group>";
		};
		643B642527B15B1B00013A19 /* Hobby */ = {
			isa = PBXGroup;
			children = (
				642F156027AF9135007E04A6 /* HobbyViewController.swift */,
				642F156227AFAA0D007E04A6 /* HobbyTableViewCell.swift */,
				643B641F27AFB0AD00013A19 /* HobbyCollectionViewCell.swift */,
				643B642127AFB1B000013A19 /* HobbyDynamicHeightCollectionView.swift */,
				643B642327AFB47B00013A19 /* HobbyCollectionViewFlowLayout.swift */,
			);
			path = Hobby;
			sourceTree = "<group>";
		};
		644AADFD279E8C7400EEB85B /* SignUp */ = {
			isa = PBXGroup;
			children = (
				645EA79E279A817D00DD1CE8 /* SignUpNickNameViewController.swift */,
				645EA7A2279A9E6E00DD1CE8 /* SignUpBirthViewController.swift */,
				645EA7A4279D28DF00DD1CE8 /* SignUpEmailViewController.swift */,
				645EA7A6279D42BD00DD1CE8 /* SignUpGenderViewController.swift */,
				644AADFE279E8CA800EEB85B /* SignUpViewModel.swift */,
			);
			path = SignUp;
			sourceTree = "<group>";
		};
		644AAE00279ED75A00EEB85B /* Onboarding */ = {
			isa = PBXGroup;
			children = (
				644AAE01279ED9A700EEB85B /* OnboardingViewController.swift */,
				644AAE03279EE8AB00EEB85B /* OnboardingFirstViewController.swift */,
				644AAE05279EEC7A00EEB85B /* OnboardingSecondViewController.swift */,
				644AAE07279F9D1E00EEB85B /* OnboardingThirdViewController.swift */,
			);
			path = Onboarding;
			sourceTree = "<group>";
		};
		645EA78F279812FF00DD1CE8 /* Presentation */ = {
			isa = PBXGroup;
			children = (
				645EA797279958DE00DD1CE8 /* LoginPhone */,
				644AADFD279E8C7400EEB85B /* SignUp */,
				644AAE00279ED75A00EEB85B /* Onboarding */,
				646F231927A1264200DFDA68 /* MyInfo */,
				642F155F27AF908F007E04A6 /* Home */,
				643B642527B15B1B00013A19 /* Hobby */,
				6495F94927951AD600A9F6E0 /* TabBarController.swift */,
				640FCDC827ABC0E7004AC780 /* SesacFriendViewController.swift */,
			);
			path = Presentation;
			sourceTree = "<group>";
		};
		645EA79027992C5200DD1CE8 /* Entities */ = {
			isa = PBXGroup;
			children = (
				645EA7922799303600DD1CE8 /* User.swift */,
				6461E887279E481300F252E8 /* UserManager.swift */,
				644AADFB279E8AFC00EEB85B /* APIStatus.swift */,
				645335D027AD19BB004C77DA /* Queue.swift */,
			);
			path = Entities;
			sourceTree = "<group>";
		};
		645EA79127992F7E00DD1CE8 /* Network */ = {
			isa = PBXGroup;
			children = (
				645EA7942799353700DD1CE8 /* UserNetwork.swift */,
				645335CE27AD0F06004C77DA /* QueueNetwork.swift */,
			);
			path = Network;
			sourceTree = "<group>";
		};
		645EA797279958DE00DD1CE8 /* LoginPhone */ = {
			isa = PBXGroup;
			children = (
				6495F94B27951C1400A9F6E0 /* LoginPhoneViewController.swift */,
				645EA78D2797D68900DD1CE8 /* LoginPhoneVerifyViewController.swift */,
				645EA798279958F700DD1CE8 /* LoginPhoneViewModel.swift */,
			);
			path = LoginPhone;
			sourceTree = "<group>";
		};
		645EA7AC279D476600DD1CE8 /* image */ = {
			isa = PBXGroup;
			children = (
				645EA7A9279D474400DD1CE8 /* woman.png */,
				645EA7A8279D474400DD1CE8 /* man.png */,
			);
			path = image;
			sourceTree = "<group>";
		};
		646F231927A1264200DFDA68 /* MyInfo */ = {
			isa = PBXGroup;
			children = (
				644AAE09279FE16600EEB85B /* MyInfoViewController.swift */,
				644AAE0B27A0005500EEB85B /* MyInfoCollectionViewCell.swift */,
				646F231427A03DCF00DFDA68 /* MyInfoCollectionHeaderView.swift */,
				646F231A27A13BBC00DFDA68 /* MyInfoDetailViewController.swift */,
				646F231C27A1661900DFDA68 /* ProfileView.swift */,
				640FCDC227A67183004AC780 /* PopUpWindowView.swift */,
				640FCDC427AB8B01004AC780 /* MyInfoViewModel.swift */,
			);
			path = MyInfo;
			sourceTree = "<group>";
		};
		6495F9292795197F00A9F6E0 = {
			isa = PBXGroup;
			children = (
				6495F9342795197F00A9F6E0 /* SeSACFriends */,
				98D45D83D17DB3B98FE37846 /* Pods */,
				6EDB56789E70FC6CF7A5E594 /* Frameworks */,
			);
			sourceTree = "<group>";
		};
		6495F9332795197F00A9F6E0 /* Products */ = {
			isa = PBXGroup;
			children = (
				6495F9322795197F00A9F6E0 /* SeSACFriends.app */,
			);
			name = Products;
			path = ..;
			sourceTree = "<group>";
		};
		6495F9342795197F00A9F6E0 /* SeSACFriends */ = {
			isa = PBXGroup;
			children = (
				645EA7AC279D476600DD1CE8 /* image */,
				645EA79C27998EDB00DD1CE8 /* GoogleService-Info.plist */,
				64A2EC92279697B800192FF2 /* Font */,
				6495F95627953A6A00A9F6E0 /* SeSACFriends.entitlements */,
				6495F9352795197F00A9F6E0 /* AppDelegate.swift */,
				6495F9372795197F00A9F6E0 /* SceneDelegate.swift */,
				645EA79127992F7E00DD1CE8 /* Network */,
				645EA79027992C5200DD1CE8 /* Entities */,
				645EA78F279812FF00DD1CE8 /* Presentation */,
				64A2ECA427969BB500192FF2 /* Extension */,
				6495F9432795198300A9F6E0 /* Info.plist */,
				6495F93E2795198300A9F6E0 /* Assets.xcassets */,
				6495F9402795198300A9F6E0 /* LaunchScreen.storyboard */,
				6495F9332795197F00A9F6E0 /* Products */,
			);
			path = SeSACFriends;
			sourceTree = "<group>";
		};
		64A2EC92279697B800192FF2 /* Font */ = {
			isa = PBXGroup;
			children = (
				64A2EC982796984200192FF2 /* NotoSansKR-Black.otf */,
				64A2EC932796984000192FF2 /* NotoSansKR-Bold.otf */,
				64A2EC942796984000192FF2 /* NotoSansKR-Light.otf */,
				64A2EC952796984100192FF2 /* NotoSansKR-Medium.otf */,
				64A2EC992796984200192FF2 /* NotoSansKR-Regular.otf */,
				64A2EC962796984100192FF2 /* NotoSansKR-Thin.otf */,
				64A2EC972796984100192FF2 /* OFL.txt */,
			);
			path = Font;
			sourceTree = "<group>";
		};
		64A2ECA427969BB500192FF2 /* Extension */ = {
			isa = PBXGroup;
			children = (
				645EA7AD279D63CF00DD1CE8 /* UIButton+extension.swift */,
				6495F959279681DE00A9F6E0 /* UIColor+extension.swift */,
				64A2EC9027968EFE00192FF2 /* UITextField+extension.swift */,
				64A2ECA127969B0F00192FF2 /* UILabel+extension.swift */,
				645EA78B2797C27000DD1CE8 /* String+extension.swift */,
				645EA7A0279A870600DD1CE8 /* UIFont+extension.swift */,
			);
			path = Extension;
			sourceTree = "<group>";
		};
		6EDB56789E70FC6CF7A5E594 /* Frameworks */ = {
			isa = PBXGroup;
			children = (
				55BFDB73B7F7CECD6612D105 /* Pods_SeSACFriends.framework */,
			);
			name = Frameworks;
			sourceTree = "<group>";
		};
		98D45D83D17DB3B98FE37846 /* Pods */ = {
			isa = PBXGroup;
			children = (
				88FD927B2E068B31792DD343 /* Pods-SeSACFriends.debug.xcconfig */,
				E518C944A411F1D27A195E87 /* Pods-SeSACFriends.release.xcconfig */,
			);
			path = Pods;
			sourceTree = "<group>";
		};
/* End PBXGroup section */

/* Begin PBXNativeTarget section */
		6495F9312795197F00A9F6E0 /* SeSACFriends */ = {
			isa = PBXNativeTarget;
			buildConfigurationList = 6495F9462795198300A9F6E0 /* Build configuration list for PBXNativeTarget "SeSACFriends" */;
			buildPhases = (
				CC308EB0211337609A0C88C8 /* [CP] Check Pods Manifest.lock */,
				6495F92E2795197F00A9F6E0 /* Sources */,
				6495F92F2795197F00A9F6E0 /* Frameworks */,
				6495F9302795197F00A9F6E0 /* Resources */,
				7C4497763F94B07AAE2D6C33 /* [CP] Embed Pods Frameworks */,
			);
			buildRules = (
			);
			dependencies = (
			);
			name = SeSACFriends;
			packageProductDependencies = (
				6495F94E279530E700A9F6E0 /* SnapKit */,
			);
			productName = SeSACFriends;
			productReference = 6495F9322795197F00A9F6E0 /* SeSACFriends.app */;
			productType = "com.apple.product-type.application";
		};
/* End PBXNativeTarget section */

/* Begin PBXProject section */
		6495F92A2795197F00A9F6E0 /* Project object */ = {
			isa = PBXProject;
			attributes = {
				BuildIndependentTargetsInParallel = 1;
				LastSwiftUpdateCheck = 1310;
				LastUpgradeCheck = 1310;
				TargetAttributes = {
					6495F9312795197F00A9F6E0 = {
						CreatedOnToolsVersion = 13.1;
					};
				};
			};
			buildConfigurationList = 6495F92D2795197F00A9F6E0 /* Build configuration list for PBXProject "SeSACFriends" */;
			compatibilityVersion = "Xcode 13.0";
			developmentRegion = en;
			hasScannedForEncodings = 0;
			knownRegions = (
				en,
				Base,
			);
			mainGroup = 6495F9292795197F00A9F6E0;
			packageReferences = (
				6495F94D279530E700A9F6E0 /* XCRemoteSwiftPackageReference "SnapKit" */,
			);
			productRefGroup = 6495F9332795197F00A9F6E0 /* Products */;
			projectDirPath = "";
			projectRoot = "";
			targets = (
				6495F9312795197F00A9F6E0 /* SeSACFriends */,
			);
		};
/* End PBXProject section */

/* Begin PBXResourcesBuildPhase section */
		6495F9302795197F00A9F6E0 /* Resources */ = {
			isa = PBXResourcesBuildPhase;
			buildActionMask = 2147483647;
			files = (
				64A2EC9F2796984200192FF2 /* NotoSansKR-Black.otf in Resources */,
				645EA7AA279D474400DD1CE8 /* man.png in Resources */,
				64A2EC9C2796984200192FF2 /* NotoSansKR-Medium.otf in Resources */,
				64A2EC9D2796984200192FF2 /* NotoSansKR-Thin.otf in Resources */,
				6495F9422795198300A9F6E0 /* LaunchScreen.storyboard in Resources */,
				64A2ECA02796984200192FF2 /* NotoSansKR-Regular.otf in Resources */,
				64A2EC9B2796984200192FF2 /* NotoSansKR-Light.otf in Resources */,
				6495F93F2795198300A9F6E0 /* Assets.xcassets in Resources */,
				645EA79D27998EDB00DD1CE8 /* GoogleService-Info.plist in Resources */,
				64A2EC9A2796984200192FF2 /* NotoSansKR-Bold.otf in Resources */,
				645EA7AB279D474400DD1CE8 /* woman.png in Resources */,
				64A2EC9E2796984200192FF2 /* OFL.txt in Resources */,
			);
			runOnlyForDeploymentPostprocessing = 0;
		};
/* End PBXResourcesBuildPhase section */

/* Begin PBXShellScriptBuildPhase section */
		7C4497763F94B07AAE2D6C33 /* [CP] Embed Pods Frameworks */ = {
			isa = PBXShellScriptBuildPhase;
			buildActionMask = 2147483647;
			files = (
			);
			inputFileListPaths = (
				"${PODS_ROOT}/Target Support Files/Pods-SeSACFriends/Pods-SeSACFriends-frameworks-${CONFIGURATION}-input-files.xcfilelist",
			);
			name = "[CP] Embed Pods Frameworks";
			outputFileListPaths = (
				"${PODS_ROOT}/Target Support Files/Pods-SeSACFriends/Pods-SeSACFriends-frameworks-${CONFIGURATION}-output-files.xcfilelist",
			);
			runOnlyForDeploymentPostprocessing = 0;
			shellPath = /bin/sh;
			shellScript = "\"${PODS_ROOT}/Target Support Files/Pods-SeSACFriends/Pods-SeSACFriends-frameworks.sh\"\n";
			showEnvVarsInLog = 0;
		};
		CC308EB0211337609A0C88C8 /* [CP] Check Pods Manifest.lock */ = {
			isa = PBXShellScriptBuildPhase;
			buildActionMask = 2147483647;
			files = (
			);
			inputFileListPaths = (
			);
			inputPaths = (
				"${PODS_PODFILE_DIR_PATH}/Podfile.lock",
				"${PODS_ROOT}/Manifest.lock",
			);
			name = "[CP] Check Pods Manifest.lock";
			outputFileListPaths = (
			);
			outputPaths = (
				"$(DERIVED_FILE_DIR)/Pods-SeSACFriends-checkManifestLockResult.txt",
			);
			runOnlyForDeploymentPostprocessing = 0;
			shellPath = /bin/sh;
			shellScript = "diff \"${PODS_PODFILE_DIR_PATH}/Podfile.lock\" \"${PODS_ROOT}/Manifest.lock\" > /dev/null\nif [ $? != 0 ] ; then\n    # print error to STDERR\n    echo \"error: The sandbox is not in sync with the Podfile.lock. Run 'pod install' or update your CocoaPods installation.\" >&2\n    exit 1\nfi\n# This output is used by Xcode 'outputs' to avoid re-running this script phase.\necho \"SUCCESS\" > \"${SCRIPT_OUTPUT_FILE_0}\"\n";
			showEnvVarsInLog = 0;
		};
/* End PBXShellScriptBuildPhase section */

/* Begin PBXSourcesBuildPhase section */
		6495F92E2795197F00A9F6E0 /* Sources */ = {
			isa = PBXSourcesBuildPhase;
			buildActionMask = 2147483647;
			files = (
				640FCDC927ABC0E7004AC780 /* SesacFriendViewController.swift in Sources */,
				645EA78E2797D68900DD1CE8 /* LoginPhoneVerifyViewController.swift in Sources */,
				645335CF27AD0F06004C77DA /* QueueNetwork.swift in Sources */,
				645EA78C2797C27000DD1CE8 /* String+extension.swift in Sources */,
				646F231527A03DCF00DFDA68 /* MyInfoCollectionHeaderView.swift in Sources */,
				6461E888279E481300F252E8 /* UserManager.swift in Sources */,
				6495F94A27951AD600A9F6E0 /* TabBarController.swift in Sources */,
				645335D127AD19BB004C77DA /* Queue.swift in Sources */,
				644AADFC279E8AFC00EEB85B /* APIStatus.swift in Sources */,
				64A2EC9127968EFE00192FF2 /* UITextField+extension.swift in Sources */,
				645335D327AD5512004C77DA /* HomeViewModel.swift in Sources */,
				645EA7A1279A870600DD1CE8 /* UIFont+extension.swift in Sources */,
				6495F9362795197F00A9F6E0 /* AppDelegate.swift in Sources */,
				645EA79F279A817D00DD1CE8 /* SignUpNickNameViewController.swift in Sources */,
				644AAE02279ED9A700EEB85B /* OnboardingViewController.swift in Sources */,
				645EA7A7279D42BD00DD1CE8 /* SignUpGenderViewController.swift in Sources */,
				6495F95A279681DF00A9F6E0 /* UIColor+extension.swift in Sources */,
				645EA7952799353700DD1CE8 /* UserNetwork.swift in Sources */,
				644AAE06279EEC7A00EEB85B /* OnboardingSecondViewController.swift in Sources */,
				642F156127AF9135007E04A6 /* HobbyViewController.swift in Sources */,
				644AAE08279F9D1E00EEB85B /* OnboardingThirdViewController.swift in Sources */,
				645EA7A5279D28DF00DD1CE8 /* SignUpEmailViewController.swift in Sources */,
				644AAE0A279FE16600EEB85B /* MyInfoViewController.swift in Sources */,
				646F231D27A1661900DFDA68 /* ProfileView.swift in Sources */,
				644AAE0C27A0005500EEB85B /* MyInfoCollectionViewCell.swift in Sources */,
				640FCDC527AB8B01004AC780 /* MyInfoViewModel.swift in Sources */,
				646F231727A11AF800DFDA68 /* HomeViewController.swift in Sources */,
				642F156327AFAA0D007E04A6 /* HobbyTableViewCell.swift in Sources */,
				644AADFF279E8CA800EEB85B /* SignUpViewModel.swift in Sources */,
				643B642427AFB47B00013A19 /* HobbyCollectionViewFlowLayout.swift in Sources */,
				644AAE04279EE8AB00EEB85B /* OnboardingFirstViewController.swift in Sources */,
				640FCDC327A67184004AC780 /* PopUpWindowView.swift in Sources */,
				645EA7A3279A9E6E00DD1CE8 /* SignUpBirthViewController.swift in Sources */,
				643B642227AFB1B000013A19 /* HobbyDynamicHeightCollectionView.swift in Sources */,
				6495F94C27951C1400A9F6E0 /* LoginPhoneViewController.swift in Sources */,
				6495F9382795197F00A9F6E0 /* SceneDelegate.swift in Sources */,
				645EA7932799303600DD1CE8 /* User.swift in Sources */,
				646F231B27A13BBC00DFDA68 /* MyInfoDetailViewController.swift in Sources */,
				64A2ECA227969B0F00192FF2 /* UILabel+extension.swift in Sources */,
				645EA799279958F700DD1CE8 /* LoginPhoneViewModel.swift in Sources */,
				645EA7AE279D63CF00DD1CE8 /* UIButton+extension.swift in Sources */,
				643B642027AFB0AD00013A19 /* HobbyCollectionViewCell.swift in Sources */,
			);
			runOnlyForDeploymentPostprocessing = 0;
		};
/* End PBXSourcesBuildPhase section */

/* Begin PBXVariantGroup section */
		6495F9402795198300A9F6E0 /* LaunchScreen.storyboard */ = {
			isa = PBXVariantGroup;
			children = (
				6495F9412795198300A9F6E0 /* Base */,
			);
			name = LaunchScreen.storyboard;
			sourceTree = "<group>";
		};
/* End PBXVariantGroup section */

/* Begin XCBuildConfiguration section */
		6495F9442795198300A9F6E0 /* Debug */ = {
			isa = XCBuildConfiguration;
			buildSettings = {
				ALWAYS_SEARCH_USER_PATHS = NO;
				CLANG_ANALYZER_NONNULL = YES;
				CLANG_ANALYZER_NUMBER_OBJECT_CONVERSION = YES_AGGRESSIVE;
				CLANG_CXX_LANGUAGE_STANDARD = "gnu++17";
				CLANG_CXX_LIBRARY = "libc++";
				CLANG_ENABLE_MODULES = YES;
				CLANG_ENABLE_OBJC_ARC = YES;
				CLANG_ENABLE_OBJC_WEAK = YES;
				CLANG_WARN_BLOCK_CAPTURE_AUTORELEASING = YES;
				CLANG_WARN_BOOL_CONVERSION = YES;
				CLANG_WARN_COMMA = YES;
				CLANG_WARN_CONSTANT_CONVERSION = YES;
				CLANG_WARN_DEPRECATED_OBJC_IMPLEMENTATIONS = YES;
				CLANG_WARN_DIRECT_OBJC_ISA_USAGE = YES_ERROR;
				CLANG_WARN_DOCUMENTATION_COMMENTS = YES;
				CLANG_WARN_EMPTY_BODY = YES;
				CLANG_WARN_ENUM_CONVERSION = YES;
				CLANG_WARN_INFINITE_RECURSION = YES;
				CLANG_WARN_INT_CONVERSION = YES;
				CLANG_WARN_NON_LITERAL_NULL_CONVERSION = YES;
				CLANG_WARN_OBJC_IMPLICIT_RETAIN_SELF = YES;
				CLANG_WARN_OBJC_LITERAL_CONVERSION = YES;
				CLANG_WARN_OBJC_ROOT_CLASS = YES_ERROR;
				CLANG_WARN_QUOTED_INCLUDE_IN_FRAMEWORK_HEADER = YES;
				CLANG_WARN_RANGE_LOOP_ANALYSIS = YES;
				CLANG_WARN_STRICT_PROTOTYPES = YES;
				CLANG_WARN_SUSPICIOUS_MOVE = YES;
				CLANG_WARN_UNGUARDED_AVAILABILITY = YES_AGGRESSIVE;
				CLANG_WARN_UNREACHABLE_CODE = YES;
				CLANG_WARN__DUPLICATE_METHOD_MATCH = YES;
				COPY_PHASE_STRIP = NO;
				DEBUG_INFORMATION_FORMAT = dwarf;
				ENABLE_STRICT_OBJC_MSGSEND = YES;
				ENABLE_TESTABILITY = YES;
				GCC_C_LANGUAGE_STANDARD = gnu11;
				GCC_DYNAMIC_NO_PIC = NO;
				GCC_NO_COMMON_BLOCKS = YES;
				GCC_OPTIMIZATION_LEVEL = 0;
				GCC_PREPROCESSOR_DEFINITIONS = (
					"DEBUG=1",
					"$(inherited)",
				);
				GCC_WARN_64_TO_32_BIT_CONVERSION = YES;
				GCC_WARN_ABOUT_RETURN_TYPE = YES_ERROR;
				GCC_WARN_UNDECLARED_SELECTOR = YES;
				GCC_WARN_UNINITIALIZED_AUTOS = YES_AGGRESSIVE;
				GCC_WARN_UNUSED_FUNCTION = YES;
				GCC_WARN_UNUSED_VARIABLE = YES;
				IPHONEOS_DEPLOYMENT_TARGET = 14.0;
				MTL_ENABLE_DEBUG_INFO = INCLUDE_SOURCE;
				MTL_FAST_MATH = YES;
				ONLY_ACTIVE_ARCH = YES;
				SDKROOT = iphoneos;
				SWIFT_ACTIVE_COMPILATION_CONDITIONS = DEBUG;
				SWIFT_OPTIMIZATION_LEVEL = "-Onone";
			};
			name = Debug;
		};
		6495F9452795198300A9F6E0 /* Release */ = {
			isa = XCBuildConfiguration;
			buildSettings = {
				ALWAYS_SEARCH_USER_PATHS = NO;
				CLANG_ANALYZER_NONNULL = YES;
				CLANG_ANALYZER_NUMBER_OBJECT_CONVERSION = YES_AGGRESSIVE;
				CLANG_CXX_LANGUAGE_STANDARD = "gnu++17";
				CLANG_CXX_LIBRARY = "libc++";
				CLANG_ENABLE_MODULES = YES;
				CLANG_ENABLE_OBJC_ARC = YES;
				CLANG_ENABLE_OBJC_WEAK = YES;
				CLANG_WARN_BLOCK_CAPTURE_AUTORELEASING = YES;
				CLANG_WARN_BOOL_CONVERSION = YES;
				CLANG_WARN_COMMA = YES;
				CLANG_WARN_CONSTANT_CONVERSION = YES;
				CLANG_WARN_DEPRECATED_OBJC_IMPLEMENTATIONS = YES;
				CLANG_WARN_DIRECT_OBJC_ISA_USAGE = YES_ERROR;
				CLANG_WARN_DOCUMENTATION_COMMENTS = YES;
				CLANG_WARN_EMPTY_BODY = YES;
				CLANG_WARN_ENUM_CONVERSION = YES;
				CLANG_WARN_INFINITE_RECURSION = YES;
				CLANG_WARN_INT_CONVERSION = YES;
				CLANG_WARN_NON_LITERAL_NULL_CONVERSION = YES;
				CLANG_WARN_OBJC_IMPLICIT_RETAIN_SELF = YES;
				CLANG_WARN_OBJC_LITERAL_CONVERSION = YES;
				CLANG_WARN_OBJC_ROOT_CLASS = YES_ERROR;
				CLANG_WARN_QUOTED_INCLUDE_IN_FRAMEWORK_HEADER = YES;
				CLANG_WARN_RANGE_LOOP_ANALYSIS = YES;
				CLANG_WARN_STRICT_PROTOTYPES = YES;
				CLANG_WARN_SUSPICIOUS_MOVE = YES;
				CLANG_WARN_UNGUARDED_AVAILABILITY = YES_AGGRESSIVE;
				CLANG_WARN_UNREACHABLE_CODE = YES;
				CLANG_WARN__DUPLICATE_METHOD_MATCH = YES;
				COPY_PHASE_STRIP = NO;
				DEBUG_INFORMATION_FORMAT = "dwarf-with-dsym";
				ENABLE_NS_ASSERTIONS = NO;
				ENABLE_STRICT_OBJC_MSGSEND = YES;
				GCC_C_LANGUAGE_STANDARD = gnu11;
				GCC_NO_COMMON_BLOCKS = YES;
				GCC_WARN_64_TO_32_BIT_CONVERSION = YES;
				GCC_WARN_ABOUT_RETURN_TYPE = YES_ERROR;
				GCC_WARN_UNDECLARED_SELECTOR = YES;
				GCC_WARN_UNINITIALIZED_AUTOS = YES_AGGRESSIVE;
				GCC_WARN_UNUSED_FUNCTION = YES;
				GCC_WARN_UNUSED_VARIABLE = YES;
				IPHONEOS_DEPLOYMENT_TARGET = 14.0;
				MTL_ENABLE_DEBUG_INFO = NO;
				MTL_FAST_MATH = YES;
				SDKROOT = iphoneos;
				SWIFT_COMPILATION_MODE = wholemodule;
				SWIFT_OPTIMIZATION_LEVEL = "-O";
				VALIDATE_PRODUCT = YES;
			};
			name = Release;
		};
		6495F9472795198300A9F6E0 /* Debug */ = {
			isa = XCBuildConfiguration;
			baseConfigurationReference = 88FD927B2E068B31792DD343 /* Pods-SeSACFriends.debug.xcconfig */;
			buildSettings = {
				ASSETCATALOG_COMPILER_APPICON_NAME = AppIcon;
				ASSETCATALOG_COMPILER_GLOBAL_ACCENT_COLOR_NAME = AccentColor;
				CODE_SIGN_ENTITLEMENTS = SeSACFriends/SeSACFriends.entitlements;
				CODE_SIGN_STYLE = Automatic;
				CURRENT_PROJECT_VERSION = 1;
				DEVELOPMENT_TEAM = XJJN8UXL48;
				GENERATE_INFOPLIST_FILE = YES;
				INFOPLIST_FILE = SeSACFriends/Info.plist;
				INFOPLIST_KEY_UIApplicationSupportsIndirectInputEvents = YES;
				INFOPLIST_KEY_UILaunchStoryboardName = LaunchScreen;
				INFOPLIST_KEY_UISupportedInterfaceOrientations_iPad = "UIInterfaceOrientationPortrait UIInterfaceOrientationPortraitUpsideDown UIInterfaceOrientationLandscapeLeft UIInterfaceOrientationLandscapeRight";
				INFOPLIST_KEY_UISupportedInterfaceOrientations_iPhone = "UIInterfaceOrientationPortrait UIInterfaceOrientationLandscapeLeft UIInterfaceOrientationLandscapeRight";
				LD_RUNPATH_SEARCH_PATHS = (
					"$(inherited)",
					"@executable_path/Frameworks",
				);
				MARKETING_VERSION = 1.0;
				PRODUCT_BUNDLE_IDENTIFIER = com.jmkim.SeSACFriends;
				PRODUCT_NAME = "$(TARGET_NAME)";
				SWIFT_EMIT_LOC_STRINGS = YES;
				SWIFT_VERSION = 5.0;
				TARGETED_DEVICE_FAMILY = "1,2";
			};
			name = Debug;
		};
		6495F9482795198300A9F6E0 /* Release */ = {
			isa = XCBuildConfiguration;
			baseConfigurationReference = E518C944A411F1D27A195E87 /* Pods-SeSACFriends.release.xcconfig */;
			buildSettings = {
				ASSETCATALOG_COMPILER_APPICON_NAME = AppIcon;
				ASSETCATALOG_COMPILER_GLOBAL_ACCENT_COLOR_NAME = AccentColor;
				CODE_SIGN_ENTITLEMENTS = SeSACFriends/SeSACFriends.entitlements;
				CODE_SIGN_STYLE = Automatic;
				CURRENT_PROJECT_VERSION = 1;
				DEVELOPMENT_TEAM = 2EZ5QWFYX2;
				GENERATE_INFOPLIST_FILE = YES;
				INFOPLIST_FILE = SeSACFriends/Info.plist;
				INFOPLIST_KEY_UIApplicationSupportsIndirectInputEvents = YES;
				INFOPLIST_KEY_UILaunchStoryboardName = LaunchScreen;
				INFOPLIST_KEY_UISupportedInterfaceOrientations_iPad = "UIInterfaceOrientationPortrait UIInterfaceOrientationPortraitUpsideDown UIInterfaceOrientationLandscapeLeft UIInterfaceOrientationLandscapeRight";
				INFOPLIST_KEY_UISupportedInterfaceOrientations_iPhone = "UIInterfaceOrientationPortrait UIInterfaceOrientationLandscapeLeft UIInterfaceOrientationLandscapeRight";
				LD_RUNPATH_SEARCH_PATHS = (
					"$(inherited)",
					"@executable_path/Frameworks",
				);
				MARKETING_VERSION = 1.0;
				PRODUCT_BUNDLE_IDENTIFIER = com.memolease.sesac1;
				PRODUCT_NAME = "$(TARGET_NAME)";
				SWIFT_EMIT_LOC_STRINGS = YES;
				SWIFT_VERSION = 5.0;
				TARGETED_DEVICE_FAMILY = "1,2";
			};
			name = Release;
		};
/* End XCBuildConfiguration section */

/* Begin XCConfigurationList section */
		6495F92D2795197F00A9F6E0 /* Build configuration list for PBXProject "SeSACFriends" */ = {
			isa = XCConfigurationList;
			buildConfigurations = (
				6495F9442795198300A9F6E0 /* Debug */,
				6495F9452795198300A9F6E0 /* Release */,
			);
			defaultConfigurationIsVisible = 0;
			defaultConfigurationName = Release;
		};
		6495F9462795198300A9F6E0 /* Build configuration list for PBXNativeTarget "SeSACFriends" */ = {
			isa = XCConfigurationList;
			buildConfigurations = (
				6495F9472795198300A9F6E0 /* Debug */,
				6495F9482795198300A9F6E0 /* Release */,
			);
			defaultConfigurationIsVisible = 0;
			defaultConfigurationName = Release;
		};
/* End XCConfigurationList section */

/* Begin XCRemoteSwiftPackageReference section */
		6495F94D279530E700A9F6E0 /* XCRemoteSwiftPackageReference "SnapKit" */ = {
			isa = XCRemoteSwiftPackageReference;
			repositoryURL = "https://github.com/SnapKit/SnapKit.git";
			requirement = {
				branch = develop;
				kind = branch;
			};
		};
/* End XCRemoteSwiftPackageReference section */

/* Begin XCSwiftPackageProductDependency section */
		6495F94E279530E700A9F6E0 /* SnapKit */ = {
			isa = XCSwiftPackageProductDependency;
			package = 6495F94D279530E700A9F6E0 /* XCRemoteSwiftPackageReference "SnapKit" */;
			productName = SnapKit;
		};
/* End XCSwiftPackageProductDependency section */
	};
	rootObject = 6495F92A2795197F00A9F6E0 /* Project object */;
}
